
Microsoft Visual Studio Solution File, Format Version 12.00
# Visual Studio Version 17
VisualStudioVersion = 17.14.36623.8
MinimumVisualStudioVersion = 10.0.40219.1
Project("{FAE04EC0-301F-11D3-BF4B-00C04F79EFBC}") = "CleanArchApiGenerator.API", "CleanArchApiGenerator.API\CleanArchApiGenerator.API.csproj", "{A1AAC055-E214-46F3-8A2C-4CCCFCB78482}"
EndProject
Project("{FAE04EC0-301F-11D3-BF4B-00C04F79EFBC}") = "CleanArchApiGenerator.Application", "CleanArchApiGenerator.Application\CleanArchApiGenerator.Application.csproj", "{40F581FE-4567-48A6-9884-6CB614A6EB77}"
EndProject
Project("{FAE04EC0-301F-11D3-BF4B-00C04F79EFBC}") = "CleanArchApiGenerator.Domain", "CleanArchApiGenerator.Domain\CleanArchApiGenerator.Domain.csproj", "{DE50400F-9DFA-47CA-9524-5F337A2A1F64}"
EndProject
Project("{FAE04EC0-301F-11D3-BF4B-00C04F79EFBC}") = "CleanArchApiGenerator.Infrastructure", "CleanArchApiGenerator.Infrastructure\CleanArchApiGenerator.Infrastructure.csproj", "{CC861A87-0C74-4756-90A9-5BDCDE5F390C}"
EndProject
Project("{2150E333-8FDC-42A3-9474-1A3956D46DE8}") = "src", "src", "{02EA681E-C7D8-13C7-8484-4AC65E1B71E8}"
EndProject
Project("{2150E333-8FDC-42A3-9474-1A3956D46DE8}") = "Generator.Core", "Generator.Core", "{BD8F0586-2EC6-4EB8-98E5-604C0B2FA34A}"
	ProjectSection(SolutionItems) = preProject
		GeneratorContext.cs = GeneratorContext.cs
	EndProjectSection
EndProject
Global
	GlobalSection(SolutionConfigurationPlatforms) = preSolution
		Debug|Any CPU = Debug|Any CPU
		Release|Any CPU = Release|Any CPU
	EndGlobalSection
	GlobalSection(ProjectConfigurationPlatforms) = postSolution
		{A1AAC055-E214-46F3-8A2C-4CCCFCB78482}.Debug|Any CPU.ActiveCfg = Debug|Any CPU
		{A1AAC055-E214-46F3-8A2C-4CCCFCB78482}.Debug|Any CPU.Build.0 = Debug|Any CPU
		{A1AAC055-E214-46F3-8A2C-4CCCFCB78482}.Release|Any CPU.ActiveCfg = Release|Any CPU
		{A1AAC055-E214-46F3-8A2C-4CCCFCB78482}.Release|Any CPU.Build.0 = Release|Any CPU
		{40F581FE-4567-48A6-9884-6CB614A6EB77}.Debug|Any CPU.ActiveCfg = Debug|Any CPU
		{40F581FE-4567-48A6-9884-6CB614A6EB77}.Debug|Any CPU.Build.0 = Debug|Any CPU
		{40F581FE-4567-48A6-9884-6CB614A6EB77}.Release|Any CPU.ActiveCfg = Release|Any CPU
		{40F581FE-4567-48A6-9884-6CB614A6EB77}.Release|Any CPU.Build.0 = Release|Any CPU
		{DE50400F-9DFA-47CA-9524-5F337A2A1F64}.Debug|Any CPU.ActiveCfg = Debug|Any CPU
		{DE50400F-9DFA-47CA-9524-5F337A2A1F64}.Debug|Any CPU.Build.0 = Debug|Any CPU
		{DE50400F-9DFA-47CA-9524-5F337A2A1F64}.Release|Any CPU.ActiveCfg = Release|Any CPU
		{DE50400F-9DFA-47CA-9524-5F337A2A1F64}.Release|Any CPU.Build.0 = Release|Any CPU
		{CC861A87-0C74-4756-90A9-5BDCDE5F390C}.Debug|Any CPU.ActiveCfg = Debug|Any CPU
		{CC861A87-0C74-4756-90A9-5BDCDE5F390C}.Debug|Any CPU.Build.0 = Debug|Any CPU
		{CC861A87-0C74-4756-90A9-5BDCDE5F390C}.Release|Any CPU.ActiveCfg = Release|Any CPU
		{CC861A87-0C74-4756-90A9-5BDCDE5F390C}.Release|Any CPU.Build.0 = Release|Any CPU
	EndGlobalSection
	GlobalSection(SolutionProperties) = preSolution
		HideSolutionNode = FALSE
	EndGlobalSection
	GlobalSection(NestedProjects) = preSolution
		{BD8F0586-2EC6-4EB8-98E5-604C0B2FA34A} = {02EA681E-C7D8-13C7-8484-4AC65E1B71E8}
	EndGlobalSection
	GlobalSection(ExtensibilityGlobals) = postSolution
		SolutionGuid = {92DC8B1D-2896-41C0-BB42-29F3FB8C27AA}
	EndGlobalSection
EndGlobal
